// !$*UTF8*$!
{
	archiveVersion = 1;
	classes = {
	};
	objectVersion = 54;
	objects = {

/* Begin PBXBuildFile section */
		1674B714273647D400C7B466 /* AppDelegate.swift in Sources */ = {isa = PBXBuildFile; fileRef = 1674B713273647D400C7B466 /* AppDelegate.swift */; };
		1674B716273647D400C7B466 /* SceneDelegate.swift in Sources */ = {isa = PBXBuildFile; fileRef = 1674B715273647D400C7B466 /* SceneDelegate.swift */; };
		1674B718273647D400C7B466 /* ViewController.swift in Sources */ = {isa = PBXBuildFile; fileRef = 1674B717273647D400C7B466 /* ViewController.swift */; };
		1674B71D273647D600C7B466 /* Assets.xcassets in Resources */ = {isa = PBXBuildFile; fileRef = 1674B71C273647D600C7B466 /* Assets.xcassets */; };
		1674B720273647D600C7B466 /* LaunchScreen.storyboard in Resources */ = {isa = PBXBuildFile; fileRef = 1674B71E273647D600C7B466 /* LaunchScreen.storyboard */; };
		1674B72B273647D700C7B466 /* PullUpTests.swift in Sources */ = {isa = PBXBuildFile; fileRef = 1674B72A273647D700C7B466 /* PullUpTests.swift */; };
		1674B735273647D700C7B466 /* PullUpUITests.swift in Sources */ = {isa = PBXBuildFile; fileRef = 1674B734273647D700C7B466 /* PullUpUITests.swift */; };
		1674B737273647D700C7B466 /* PullUpUITestsLaunchTests.swift in Sources */ = {isa = PBXBuildFile; fileRef = 1674B736273647D700C7B466 /* PullUpUITestsLaunchTests.swift */; };
		1674B74527364A1C00C7B466 /* Location.swift in Sources */ = {isa = PBXBuildFile; fileRef = 1674B74427364A1C00C7B466 /* Location.swift */; };
		1674B74827364B1100C7B466 /* MapController.swift in Sources */ = {isa = PBXBuildFile; fileRef = 1674B74727364B1000C7B466 /* MapController.swift */; };
		1674B74A2736600F00C7B466 /* AddCourseController.swift in Sources */ = {isa = PBXBuildFile; fileRef = 1674B7492736600F00C7B466 /* AddCourseController.swift */; };
		16DCAE862736671C008A930A /* Main.storyboard in Resources */ = {isa = PBXBuildFile; fileRef = 16DCAE852736671C008A930A /* Main.storyboard */; };
		16DCAE88273675D0008A930A /* Course.swift in Sources */ = {isa = PBXBuildFile; fileRef = 16DCAE87273675D0008A930A /* Course.swift */; };
		16DCAE8A273676D4008A930A /* K.swift in Sources */ = {isa = PBXBuildFile; fileRef = 16DCAE89273676D4008A930A /* K.swift */; };
		16DCAE8C27367E7C008A930A /* User.swift in Sources */ = {isa = PBXBuildFile; fileRef = 16DCAE8B27367E7C008A930A /* User.swift */; };
		16DCAE8E27368875008A930A /* GoogleService-Info.plist in Resources */ = {isa = PBXBuildFile; fileRef = 16DCAE8D27368875008A930A /* GoogleService-Info.plist */; };
		16DCAE9027373387008A930A /* StudySessionController.swift in Sources */ = {isa = PBXBuildFile; fileRef = 16DCAE8F27373387008A930A /* StudySessionController.swift */; };
		16DCAE9227373C27008A930A /* AddSessionController.swift in Sources */ = {isa = PBXBuildFile; fileRef = 16DCAE9127373C27008A930A /* AddSessionController.swift */; };
		16DCAE962737BCFF008A930A /* SessionTableViewCell.swift in Sources */ = {isa = PBXBuildFile; fileRef = 16DCAE942737BCFF008A930A /* SessionTableViewCell.swift */; };
		16DCAE972737BCFF008A930A /* SessionTableViewCell.xib in Resources */ = {isa = PBXBuildFile; fileRef = 16DCAE952737BCFF008A930A /* SessionTableViewCell.xib */; };
		16DCAE9A2737EFD8008A930A /* CourseTableViewCell.swift in Sources */ = {isa = PBXBuildFile; fileRef = 16DCAE982737EFD8008A930A /* CourseTableViewCell.swift */; };
		16DCAE9B2737EFD8008A930A /* CourseTableViewCell.xib in Resources */ = {isa = PBXBuildFile; fileRef = 16DCAE992737EFD8008A930A /* CourseTableViewCell.xib */; };
		F1E1F3B6B9FE3E75722A4D69 /* Pods_PullUp.framework in Frameworks */ = {isa = PBXBuildFile; fileRef = 423FD6306300460A3C8A45B2 /* Pods_PullUp.framework */; };
/* End PBXBuildFile section */

/* Begin PBXContainerItemProxy section */
		1674B727273647D700C7B466 /* PBXContainerItemProxy */ = {
			isa = PBXContainerItemProxy;
			containerPortal = 1674B708273647D400C7B466 /* Project object */;
			proxyType = 1;
			remoteGlobalIDString = 1674B70F273647D400C7B466;
			remoteInfo = PullUp;
		};
		1674B731273647D700C7B466 /* PBXContainerItemProxy */ = {
			isa = PBXContainerItemProxy;
			containerPortal = 1674B708273647D400C7B466 /* Project object */;
			proxyType = 1;
			remoteGlobalIDString = 1674B70F273647D400C7B466;
			remoteInfo = PullUp;
		};
/* End PBXContainerItemProxy section */

/* Begin PBXFileReference section */
		1674B710273647D400C7B466 /* PullUp.app */ = {isa = PBXFileReference; explicitFileType = wrapper.application; includeInIndex = 0; path = PullUp.app; sourceTree = BUILT_PRODUCTS_DIR; };
		1674B713273647D400C7B466 /* AppDelegate.swift */ = {isa = PBXFileReference; lastKnownFileType = sourcecode.swift; path = AppDelegate.swift; sourceTree = "<group>"; };
		1674B715273647D400C7B466 /* SceneDelegate.swift */ = {isa = PBXFileReference; lastKnownFileType = sourcecode.swift; path = SceneDelegate.swift; sourceTree = "<group>"; };
		1674B717273647D400C7B466 /* ViewController.swift */ = {isa = PBXFileReference; lastKnownFileType = sourcecode.swift; path = ViewController.swift; sourceTree = "<group>"; };
		1674B71C273647D600C7B466 /* Assets.xcassets */ = {isa = PBXFileReference; lastKnownFileType = folder.assetcatalog; path = Assets.xcassets; sourceTree = "<group>"; };
		1674B71F273647D600C7B466 /* Base */ = {isa = PBXFileReference; lastKnownFileType = file.storyboard; name = Base; path = Base.lproj/LaunchScreen.storyboard; sourceTree = "<group>"; };
		1674B721273647D600C7B466 /* Info.plist */ = {isa = PBXFileReference; lastKnownFileType = text.plist.xml; path = Info.plist; sourceTree = "<group>"; };
		1674B726273647D700C7B466 /* PullUpTests.xctest */ = {isa = PBXFileReference; explicitFileType = wrapper.cfbundle; includeInIndex = 0; path = PullUpTests.xctest; sourceTree = BUILT_PRODUCTS_DIR; };
		1674B72A273647D700C7B466 /* PullUpTests.swift */ = {isa = PBXFileReference; lastKnownFileType = sourcecode.swift; path = PullUpTests.swift; sourceTree = "<group>"; };
		1674B730273647D700C7B466 /* PullUpUITests.xctest */ = {isa = PBXFileReference; explicitFileType = wrapper.cfbundle; includeInIndex = 0; path = PullUpUITests.xctest; sourceTree = BUILT_PRODUCTS_DIR; };
		1674B734273647D700C7B466 /* PullUpUITests.swift */ = {isa = PBXFileReference; lastKnownFileType = sourcecode.swift; path = PullUpUITests.swift; sourceTree = "<group>"; };
		1674B736273647D700C7B466 /* PullUpUITestsLaunchTests.swift */ = {isa = PBXFileReference; lastKnownFileType = sourcecode.swift; path = PullUpUITestsLaunchTests.swift; sourceTree = "<group>"; };
		1674B74427364A1C00C7B466 /* Location.swift */ = {isa = PBXFileReference; lastKnownFileType = sourcecode.swift; path = Location.swift; sourceTree = "<group>"; };
		1674B74727364B1000C7B466 /* MapController.swift */ = {isa = PBXFileReference; lastKnownFileType = sourcecode.swift; path = MapController.swift; sourceTree = "<group>"; };
		1674B7492736600F00C7B466 /* AddCourseController.swift */ = {isa = PBXFileReference; lastKnownFileType = sourcecode.swift; path = AddCourseController.swift; sourceTree = "<group>"; };
		16DCAE852736671C008A930A /* Main.storyboard */ = {isa = PBXFileReference; fileEncoding = 4; lastKnownFileType = file.storyboard; path = Main.storyboard; sourceTree = "<group>"; };
		16DCAE87273675D0008A930A /* Course.swift */ = {isa = PBXFileReference; lastKnownFileType = sourcecode.swift; path = Course.swift; sourceTree = "<group>"; };
		16DCAE89273676D4008A930A /* K.swift */ = {isa = PBXFileReference; lastKnownFileType = sourcecode.swift; path = K.swift; sourceTree = "<group>"; };
		16DCAE8B27367E7C008A930A /* User.swift */ = {isa = PBXFileReference; lastKnownFileType = sourcecode.swift; path = User.swift; sourceTree = "<group>"; };
		16DCAE8D27368875008A930A /* GoogleService-Info.plist */ = {isa = PBXFileReference; fileEncoding = 4; lastKnownFileType = text.plist.xml; path = "GoogleService-Info.plist"; sourceTree = "<group>"; };
		16DCAE8F27373387008A930A /* StudySessionController.swift */ = {isa = PBXFileReference; lastKnownFileType = sourcecode.swift; path = StudySessionController.swift; sourceTree = "<group>"; };
		16DCAE9127373C27008A930A /* AddSessionController.swift */ = {isa = PBXFileReference; lastKnownFileType = sourcecode.swift; path = AddSessionController.swift; sourceTree = "<group>"; };
		16DCAE942737BCFF008A930A /* SessionTableViewCell.swift */ = {isa = PBXFileReference; lastKnownFileType = sourcecode.swift; path = SessionTableViewCell.swift; sourceTree = "<group>"; };
		16DCAE952737BCFF008A930A /* SessionTableViewCell.xib */ = {isa = PBXFileReference; lastKnownFileType = file.xib; path = SessionTableViewCell.xib; sourceTree = "<group>"; };
		16DCAE982737EFD8008A930A /* CourseTableViewCell.swift */ = {isa = PBXFileReference; lastKnownFileType = sourcecode.swift; path = CourseTableViewCell.swift; sourceTree = "<group>"; };
		16DCAE992737EFD8008A930A /* CourseTableViewCell.xib */ = {isa = PBXFileReference; lastKnownFileType = file.xib; path = CourseTableViewCell.xib; sourceTree = "<group>"; };
		423FD6306300460A3C8A45B2 /* Pods_PullUp.framework */ = {isa = PBXFileReference; explicitFileType = wrapper.framework; includeInIndex = 0; path = Pods_PullUp.framework; sourceTree = BUILT_PRODUCTS_DIR; };
		984BE25F1ED57855B4315C4E /* Pods-PullUp.release.xcconfig */ = {isa = PBXFileReference; includeInIndex = 1; lastKnownFileType = text.xcconfig; name = "Pods-PullUp.release.xcconfig"; path = "Target Support Files/Pods-PullUp/Pods-PullUp.release.xcconfig"; sourceTree = "<group>"; };
		BD81A16D716E7481BA02AD94 /* Pods-PullUp.debug.xcconfig */ = {isa = PBXFileReference; includeInIndex = 1; lastKnownFileType = text.xcconfig; name = "Pods-PullUp.debug.xcconfig"; path = "Target Support Files/Pods-PullUp/Pods-PullUp.debug.xcconfig"; sourceTree = "<group>"; };
/* End PBXFileReference section */

/* Begin PBXFrameworksBuildPhase section */
		1674B70D273647D400C7B466 /* Frameworks */ = {
			isa = PBXFrameworksBuildPhase;
			buildActionMask = 2147483647;
			files = (
				F1E1F3B6B9FE3E75722A4D69 /* Pods_PullUp.framework in Frameworks */,
			);
			runOnlyForDeploymentPostprocessing = 0;
		};
		1674B723273647D700C7B466 /* Frameworks */ = {
			isa = PBXFrameworksBuildPhase;
			buildActionMask = 2147483647;
			files = (
			);
			runOnlyForDeploymentPostprocessing = 0;
		};
		1674B72D273647D700C7B466 /* Frameworks */ = {
			isa = PBXFrameworksBuildPhase;
			buildActionMask = 2147483647;
			files = (
			);
			runOnlyForDeploymentPostprocessing = 0;
		};
/* End PBXFrameworksBuildPhase section */

/* Begin PBXGroup section */
		1674B707273647D400C7B466 = {
			isa = PBXGroup;
			children = (
				16DCAE8D27368875008A930A /* GoogleService-Info.plist */,
				1674B712273647D400C7B466 /* PullUp */,
				1674B729273647D700C7B466 /* PullUpTests */,
				1674B733273647D700C7B466 /* PullUpUITests */,
				1674B711273647D400C7B466 /* Products */,
				4F71D03BEC699881B2FB14E9 /* Pods */,
				FBD153291139944A43455E4C /* Frameworks */,
			);
			sourceTree = "<group>";
		};
		1674B711273647D400C7B466 /* Products */ = {
			isa = PBXGroup;
			children = (
				1674B710273647D400C7B466 /* PullUp.app */,
				1674B726273647D700C7B466 /* PullUpTests.xctest */,
				1674B730273647D700C7B466 /* PullUpUITests.xctest */,
			);
			name = Products;
			sourceTree = "<group>";
		};
		1674B712273647D400C7B466 /* PullUp */ = {
			isa = PBXGroup;
			children = (
				16DCAE932737BCE4008A930A /* View */,
				1674B74627364B0200C7B466 /* Controller */,
				1674B74327364A0800C7B466 /* Model */,
				1674B713273647D400C7B466 /* AppDelegate.swift */,
				1674B715273647D400C7B466 /* SceneDelegate.swift */,
				1674B717273647D400C7B466 /* ViewController.swift */,
				1674B71C273647D600C7B466 /* Assets.xcassets */,
				1674B71E273647D600C7B466 /* LaunchScreen.storyboard */,
				1674B721273647D600C7B466 /* Info.plist */,
				16DCAE89273676D4008A930A /* K.swift */,
			);
			path = PullUp;
			sourceTree = "<group>";
		};
		1674B729273647D700C7B466 /* PullUpTests */ = {
			isa = PBXGroup;
			children = (
				1674B72A273647D700C7B466 /* PullUpTests.swift */,
			);
			path = PullUpTests;
			sourceTree = "<group>";
		};
		1674B733273647D700C7B466 /* PullUpUITests */ = {
			isa = PBXGroup;
			children = (
				1674B734273647D700C7B466 /* PullUpUITests.swift */,
				1674B736273647D700C7B466 /* PullUpUITestsLaunchTests.swift */,
			);
			path = PullUpUITests;
			sourceTree = "<group>";
		};
		1674B74327364A0800C7B466 /* Model */ = {
			isa = PBXGroup;
			children = (
				1674B74427364A1C00C7B466 /* Location.swift */,
				16DCAE87273675D0008A930A /* Course.swift */,
				16DCAE8B27367E7C008A930A /* User.swift */,
			);
			path = Model;
			sourceTree = "<group>";
		};
		1674B74627364B0200C7B466 /* Controller */ = {
			isa = PBXGroup;
			children = (
				1674B74727364B1000C7B466 /* MapController.swift */,
				1674B7492736600F00C7B466 /* AddCourseController.swift */,
				16DCAE8F27373387008A930A /* StudySessionController.swift */,
				16DCAE9127373C27008A930A /* AddSessionController.swift */,
			);
			path = Controller;
			sourceTree = "<group>";
		};
		16DCAE932737BCE4008A930A /* View */ = {
			isa = PBXGroup;
			children = (
				16DCAE852736671C008A930A /* Main.storyboard */,
				16DCAE942737BCFF008A930A /* SessionTableViewCell.swift */,
				16DCAE952737BCFF008A930A /* SessionTableViewCell.xib */,
				16DCAE982737EFD8008A930A /* CourseTableViewCell.swift */,
				16DCAE992737EFD8008A930A /* CourseTableViewCell.xib */,
			);
			path = View;
			sourceTree = "<group>";
		};
		4F71D03BEC699881B2FB14E9 /* Pods */ = {
			isa = PBXGroup;
			children = (
				BD81A16D716E7481BA02AD94 /* Pods-PullUp.debug.xcconfig */,
				984BE25F1ED57855B4315C4E /* Pods-PullUp.release.xcconfig */,
			);
			path = Pods;
			sourceTree = "<group>";
		};
		FBD153291139944A43455E4C /* Frameworks */ = {
			isa = PBXGroup;
			children = (
				423FD6306300460A3C8A45B2 /* Pods_PullUp.framework */,
			);
			name = Frameworks;
			sourceTree = "<group>";
		};
/* End PBXGroup section */

/* Begin PBXNativeTarget section */
		1674B70F273647D400C7B466 /* PullUp */ = {
			isa = PBXNativeTarget;
			buildConfigurationList = 1674B73A273647D700C7B466 /* Build configuration list for PBXNativeTarget "PullUp" */;
			buildPhases = (
				DDF0C75FE36DC8B7AA117F26 /* [CP] Check Pods Manifest.lock */,
				1674B70C273647D400C7B466 /* Sources */,
				1674B70D273647D400C7B466 /* Frameworks */,
				1674B70E273647D400C7B466 /* Resources */,
				599C7055BAE1DB3D2BEE4CF6 /* [CP] Embed Pods Frameworks */,
			);
			buildRules = (
			);
			dependencies = (
			);
			name = PullUp;
			productName = PullUp;
			productReference = 1674B710273647D400C7B466 /* PullUp.app */;
			productType = "com.apple.product-type.application";
		};
		1674B725273647D700C7B466 /* PullUpTests */ = {
			isa = PBXNativeTarget;
			buildConfigurationList = 1674B73D273647D700C7B466 /* Build configuration list for PBXNativeTarget "PullUpTests" */;
			buildPhases = (
				1674B722273647D700C7B466 /* Sources */,
				1674B723273647D700C7B466 /* Frameworks */,
				1674B724273647D700C7B466 /* Resources */,
			);
			buildRules = (
			);
			dependencies = (
				1674B728273647D700C7B466 /* PBXTargetDependency */,
			);
			name = PullUpTests;
			productName = PullUpTests;
			productReference = 1674B726273647D700C7B466 /* PullUpTests.xctest */;
			productType = "com.apple.product-type.bundle.unit-test";
		};
		1674B72F273647D700C7B466 /* PullUpUITests */ = {
			isa = PBXNativeTarget;
			buildConfigurationList = 1674B740273647D700C7B466 /* Build configuration list for PBXNativeTarget "PullUpUITests" */;
			buildPhases = (
				1674B72C273647D700C7B466 /* Sources */,
				1674B72D273647D700C7B466 /* Frameworks */,
				1674B72E273647D700C7B466 /* Resources */,
			);
			buildRules = (
			);
			dependencies = (
				1674B732273647D700C7B466 /* PBXTargetDependency */,
			);
			name = PullUpUITests;
			productName = PullUpUITests;
			productReference = 1674B730273647D700C7B466 /* PullUpUITests.xctest */;
			productType = "com.apple.product-type.bundle.ui-testing";
		};
/* End PBXNativeTarget section */

/* Begin PBXProject section */
		1674B708273647D400C7B466 /* Project object */ = {
			isa = PBXProject;
			attributes = {
				BuildIndependentTargetsInParallel = 1;
				LastSwiftUpdateCheck = 1310;
				LastUpgradeCheck = 1310;
				TargetAttributes = {
					1674B70F273647D400C7B466 = {
						CreatedOnToolsVersion = 13.1;
					};
					1674B725273647D700C7B466 = {
						CreatedOnToolsVersion = 13.1;
						TestTargetID = 1674B70F273647D400C7B466;
					};
					1674B72F273647D700C7B466 = {
						CreatedOnToolsVersion = 13.1;
						TestTargetID = 1674B70F273647D400C7B466;
					};
				};
			};
			buildConfigurationList = 1674B70B273647D400C7B466 /* Build configuration list for PBXProject "PullUp" */;
			compatibilityVersion = "Xcode 12.0";
			developmentRegion = en;
			hasScannedForEncodings = 0;
			knownRegions = (
				en,
				Base,
			);
			mainGroup = 1674B707273647D400C7B466;
			productRefGroup = 1674B711273647D400C7B466 /* Products */;
			projectDirPath = "";
			projectRoot = "";
			targets = (
				1674B70F273647D400C7B466 /* PullUp */,
				1674B725273647D700C7B466 /* PullUpTests */,
				1674B72F273647D700C7B466 /* PullUpUITests */,
			);
		};
/* End PBXProject section */

/* Begin PBXResourcesBuildPhase section */
		1674B70E273647D400C7B466 /* Resources */ = {
			isa = PBXResourcesBuildPhase;
			buildActionMask = 2147483647;
			files = (
				16DCAE9B2737EFD8008A930A /* CourseTableViewCell.xib in Resources */,
				16DCAE972737BCFF008A930A /* SessionTableViewCell.xib in Resources */,
				16DCAE862736671C008A930A /* Main.storyboard in Resources */,
				16DCAE8E27368875008A930A /* GoogleService-Info.plist in Resources */,
				1674B720273647D600C7B466 /* LaunchScreen.storyboard in Resources */,
				1674B71D273647D600C7B466 /* Assets.xcassets in Resources */,
			);
			runOnlyForDeploymentPostprocessing = 0;
		};
		1674B724273647D700C7B466 /* Resources */ = {
			isa = PBXResourcesBuildPhase;
			buildActionMask = 2147483647;
			files = (
			);
			runOnlyForDeploymentPostprocessing = 0;
		};
		1674B72E273647D700C7B466 /* Resources */ = {
			isa = PBXResourcesBuildPhase;
			buildActionMask = 2147483647;
			files = (
			);
			runOnlyForDeploymentPostprocessing = 0;
		};
/* End PBXResourcesBuildPhase section */

/* Begin PBXShellScriptBuildPhase section */
		599C7055BAE1DB3D2BEE4CF6 /* [CP] Embed Pods Frameworks */ = {
			isa = PBXShellScriptBuildPhase;
			buildActionMask = 2147483647;
			files = (
			);
			inputFileListPaths = (
				"${PODS_ROOT}/Target Support Files/Pods-PullUp/Pods-PullUp-frameworks-${CONFIGURATION}-input-files.xcfilelist",
			);
			name = "[CP] Embed Pods Frameworks";
			outputFileListPaths = (
				"${PODS_ROOT}/Target Support Files/Pods-PullUp/Pods-PullUp-frameworks-${CONFIGURATION}-output-files.xcfilelist",
			);
			runOnlyForDeploymentPostprocessing = 0;
			shellPath = /bin/sh;
			shellScript = "\"${PODS_ROOT}/Target Support Files/Pods-PullUp/Pods-PullUp-frameworks.sh\"\n";
			showEnvVarsInLog = 0;
		};
		DDF0C75FE36DC8B7AA117F26 /* [CP] Check Pods Manifest.lock */ = {
			isa = PBXShellScriptBuildPhase;
			buildActionMask = 2147483647;
			files = (
			);
			inputFileListPaths = (
			);
			inputPaths = (
				"${PODS_PODFILE_DIR_PATH}/Podfile.lock",
				"${PODS_ROOT}/Manifest.lock",
			);
			name = "[CP] Check Pods Manifest.lock";
			outputFileListPaths = (
			);
			outputPaths = (
				"$(DERIVED_FILE_DIR)/Pods-PullUp-checkManifestLockResult.txt",
			);
			runOnlyForDeploymentPostprocessing = 0;
			shellPath = /bin/sh;
			shellScript = "diff \"${PODS_PODFILE_DIR_PATH}/Podfile.lock\" \"${PODS_ROOT}/Manifest.lock\" > /dev/null\nif [ $? != 0 ] ; then\n    # print error to STDERR\n    echo \"error: The sandbox is not in sync with the Podfile.lock. Run 'pod install' or update your CocoaPods installation.\" >&2\n    exit 1\nfi\n# This output is used by Xcode 'outputs' to avoid re-running this script phase.\necho \"SUCCESS\" > \"${SCRIPT_OUTPUT_FILE_0}\"\n";
			showEnvVarsInLog = 0;
		};
/* End PBXShellScriptBuildPhase section */

/* Begin PBXSourcesBuildPhase section */
		1674B70C273647D400C7B466 /* Sources */ = {
			isa = PBXSourcesBuildPhase;
			buildActionMask = 2147483647;
			files = (
				16DCAE962737BCFF008A930A /* SessionTableViewCell.swift in Sources */,
				16DCAE9027373387008A930A /* StudySessionController.swift in Sources */,
				1674B74A2736600F00C7B466 /* AddCourseController.swift in Sources */,
				16DCAE88273675D0008A930A /* Course.swift in Sources */,
				1674B718273647D400C7B466 /* ViewController.swift in Sources */,
				1674B714273647D400C7B466 /* AppDelegate.swift in Sources */,
				1674B74527364A1C00C7B466 /* Location.swift in Sources */,
				16DCAE8C27367E7C008A930A /* User.swift in Sources */,
				16DCAE8A273676D4008A930A /* K.swift in Sources */,
				16DCAE9227373C27008A930A /* AddSessionController.swift in Sources */,
				1674B74827364B1100C7B466 /* MapController.swift in Sources */,
				1674B716273647D400C7B466 /* SceneDelegate.swift in Sources */,
				16DCAE9A2737EFD8008A930A /* CourseTableViewCell.swift in Sources */,
			);
			runOnlyForDeploymentPostprocessing = 0;
		};
		1674B722273647D700C7B466 /* Sources */ = {
			isa = PBXSourcesBuildPhase;
			buildActionMask = 2147483647;
			files = (
				1674B72B273647D700C7B466 /* PullUpTests.swift in Sources */,
			);
			runOnlyForDeploymentPostprocessing = 0;
		};
		1674B72C273647D700C7B466 /* Sources */ = {
			isa = PBXSourcesBuildPhase;
			buildActionMask = 2147483647;
			files = (
				1674B737273647D700C7B466 /* PullUpUITestsLaunchTests.swift in Sources */,
				1674B735273647D700C7B466 /* PullUpUITests.swift in Sources */,
			);
			runOnlyForDeploymentPostprocessing = 0;
		};
/* End PBXSourcesBuildPhase section */

/* Begin PBXTargetDependency section */
		1674B728273647D700C7B466 /* PBXTargetDependency */ = {
			isa = PBXTargetDependency;
			target = 1674B70F273647D400C7B466 /* PullUp */;
			targetProxy = 1674B727273647D700C7B466 /* PBXContainerItemProxy */;
		};
		1674B732273647D700C7B466 /* PBXTargetDependency */ = {
			isa = PBXTargetDependency;
			target = 1674B70F273647D400C7B466 /* PullUp */;
			targetProxy = 1674B731273647D700C7B466 /* PBXContainerItemProxy */;
		};
/* End PBXTargetDependency section */

/* Begin PBXVariantGroup section */
		1674B71E273647D600C7B466 /* LaunchScreen.storyboard */ = {
			isa = PBXVariantGroup;
			children = (
				1674B71F273647D600C7B466 /* Base */,
			);
			name = LaunchScreen.storyboard;
			sourceTree = "<group>";
		};
/* End PBXVariantGroup section */

/* Begin XCBuildConfiguration section */
		1674B738273647D700C7B466 /* Debug */ = {
			isa = XCBuildConfiguration;
			buildSettings = {
				ALWAYS_SEARCH_USER_PATHS = NO;
				CLANG_ANALYZER_NONNULL = YES;
				CLANG_ANALYZER_NUMBER_OBJECT_CONVERSION = YES_AGGRESSIVE;
				CLANG_CXX_LANGUAGE_STANDARD = "gnu++17";
				CLANG_CXX_LIBRARY = "libc++";
				CLANG_ENABLE_MODULES = YES;
				CLANG_ENABLE_OBJC_ARC = YES;
				CLANG_ENABLE_OBJC_WEAK = YES;
				CLANG_WARN_BLOCK_CAPTURE_AUTORELEASING = YES;
				CLANG_WARN_BOOL_CONVERSION = YES;
				CLANG_WARN_COMMA = YES;
				CLANG_WARN_CONSTANT_CONVERSION = YES;
				CLANG_WARN_DEPRECATED_OBJC_IMPLEMENTATIONS = YES;
				CLANG_WARN_DIRECT_OBJC_ISA_USAGE = YES_ERROR;
				CLANG_WARN_DOCUMENTATION_COMMENTS = YES;
				CLANG_WARN_EMPTY_BODY = YES;
				CLANG_WARN_ENUM_CONVERSION = YES;
				CLANG_WARN_INFINITE_RECURSION = YES;
				CLANG_WARN_INT_CONVERSION = YES;
				CLANG_WARN_NON_LITERAL_NULL_CONVERSION = YES;
				CLANG_WARN_OBJC_IMPLICIT_RETAIN_SELF = YES;
				CLANG_WARN_OBJC_LITERAL_CONVERSION = YES;
				CLANG_WARN_OBJC_ROOT_CLASS = YES_ERROR;
				CLANG_WARN_QUOTED_INCLUDE_IN_FRAMEWORK_HEADER = YES;
				CLANG_WARN_RANGE_LOOP_ANALYSIS = YES;
				CLANG_WARN_STRICT_PROTOTYPES = YES;
				CLANG_WARN_SUSPICIOUS_MOVE = YES;
				CLANG_WARN_UNGUARDED_AVAILABILITY = YES_AGGRESSIVE;
				CLANG_WARN_UNREACHABLE_CODE = YES;
				CLANG_WARN__DUPLICATE_METHOD_MATCH = YES;
				COPY_PHASE_STRIP = NO;
				DEBUG_INFORMATION_FORMAT = dwarf;
				ENABLE_STRICT_OBJC_MSGSEND = YES;
				ENABLE_TESTABILITY = YES;
				GCC_C_LANGUAGE_STANDARD = gnu11;
				GCC_DYNAMIC_NO_PIC = NO;
				GCC_NO_COMMON_BLOCKS = YES;
				GCC_OPTIMIZATION_LEVEL = 0;
				GCC_PREPROCESSOR_DEFINITIONS = (
					"DEBUG=1",
					"$(inherited)",
				);
				GCC_WARN_64_TO_32_BIT_CONVERSION = YES;
				GCC_WARN_ABOUT_RETURN_TYPE = YES_ERROR;
				GCC_WARN_UNDECLARED_SELECTOR = YES;
				GCC_WARN_UNINITIALIZED_AUTOS = YES_AGGRESSIVE;
				GCC_WARN_UNUSED_FUNCTION = YES;
				GCC_WARN_UNUSED_VARIABLE = YES;
				IPHONEOS_DEPLOYMENT_TARGET = 13.0;
				MTL_ENABLE_DEBUG_INFO = INCLUDE_SOURCE;
				MTL_FAST_MATH = YES;
				ONLY_ACTIVE_ARCH = YES;
				SDKROOT = iphoneos;
				SWIFT_ACTIVE_COMPILATION_CONDITIONS = DEBUG;
				SWIFT_OPTIMIZATION_LEVEL = "-Onone";
			};
			name = Debug;
		};
		1674B739273647D700C7B466 /* Release */ = {
			isa = XCBuildConfiguration;
			buildSettings = {
				ALWAYS_SEARCH_USER_PATHS = NO;
				CLANG_ANALYZER_NONNULL = YES;
				CLANG_ANALYZER_NUMBER_OBJECT_CONVERSION = YES_AGGRESSIVE;
				CLANG_CXX_LANGUAGE_STANDARD = "gnu++17";
				CLANG_CXX_LIBRARY = "libc++";
				CLANG_ENABLE_MODULES = YES;
				CLANG_ENABLE_OBJC_ARC = YES;
				CLANG_ENABLE_OBJC_WEAK = YES;
				CLANG_WARN_BLOCK_CAPTURE_AUTORELEASING = YES;
				CLANG_WARN_BOOL_CONVERSION = YES;
				CLANG_WARN_COMMA = YES;
				CLANG_WARN_CONSTANT_CONVERSION = YES;
				CLANG_WARN_DEPRECATED_OBJC_IMPLEMENTATIONS = YES;
				CLANG_WARN_DIRECT_OBJC_ISA_USAGE = YES_ERROR;
				CLANG_WARN_DOCUMENTATION_COMMENTS = YES;
				CLANG_WARN_EMPTY_BODY = YES;
				CLANG_WARN_ENUM_CONVERSION = YES;
				CLANG_WARN_INFINITE_RECURSION = YES;
				CLANG_WARN_INT_CONVERSION = YES;
				CLANG_WARN_NON_LITERAL_NULL_CONVERSION = YES;
				CLANG_WARN_OBJC_IMPLICIT_RETAIN_SELF = YES;
				CLANG_WARN_OBJC_LITERAL_CONVERSION = YES;
				CLANG_WARN_OBJC_ROOT_CLASS = YES_ERROR;
				CLANG_WARN_QUOTED_INCLUDE_IN_FRAMEWORK_HEADER = YES;
				CLANG_WARN_RANGE_LOOP_ANALYSIS = YES;
				CLANG_WARN_STRICT_PROTOTYPES = YES;
				CLANG_WARN_SUSPICIOUS_MOVE = YES;
				CLANG_WARN_UNGUARDED_AVAILABILITY = YES_AGGRESSIVE;
				CLANG_WARN_UNREACHABLE_CODE = YES;
				CLANG_WARN__DUPLICATE_METHOD_MATCH = YES;
				COPY_PHASE_STRIP = NO;
				DEBUG_INFORMATION_FORMAT = "dwarf-with-dsym";
				ENABLE_NS_ASSERTIONS = NO;
				ENABLE_STRICT_OBJC_MSGSEND = YES;
				GCC_C_LANGUAGE_STANDARD = gnu11;
				GCC_NO_COMMON_BLOCKS = YES;
				GCC_WARN_64_TO_32_BIT_CONVERSION = YES;
				GCC_WARN_ABOUT_RETURN_TYPE = YES_ERROR;
				GCC_WARN_UNDECLARED_SELECTOR = YES;
				GCC_WARN_UNINITIALIZED_AUTOS = YES_AGGRESSIVE;
				GCC_WARN_UNUSED_FUNCTION = YES;
				GCC_WARN_UNUSED_VARIABLE = YES;
				IPHONEOS_DEPLOYMENT_TARGET = 13.0;
				MTL_ENABLE_DEBUG_INFO = NO;
				MTL_FAST_MATH = YES;
				SDKROOT = iphoneos;
				SWIFT_COMPILATION_MODE = wholemodule;
				SWIFT_OPTIMIZATION_LEVEL = "-O";
				VALIDATE_PRODUCT = YES;
			};
			name = Release;
		};
		1674B73B273647D700C7B466 /* Debug */ = {
			isa = XCBuildConfiguration;
			baseConfigurationReference = BD81A16D716E7481BA02AD94 /* Pods-PullUp.debug.xcconfig */;
			buildSettings = {
				ASSETCATALOG_COMPILER_APPICON_NAME = AppIcon;
				ASSETCATALOG_COMPILER_GLOBAL_ACCENT_COLOR_NAME = AccentColor;
				CODE_SIGN_STYLE = Automatic;
				CURRENT_PROJECT_VERSION = 1;
				DEVELOPMENT_TEAM = VJUSE27PV3;
				GENERATE_INFOPLIST_FILE = YES;
				INFOPLIST_FILE = PullUp/Info.plist;
				INFOPLIST_KEY_UIApplicationSupportsIndirectInputEvents = YES;
				INFOPLIST_KEY_UILaunchStoryboardName = LaunchScreen;
				INFOPLIST_KEY_UIMainStoryboardFile = Main;
				INFOPLIST_KEY_UISupportedInterfaceOrientations = UIInterfaceOrientationPortrait;
				INFOPLIST_KEY_UISupportedInterfaceOrientations_iPad = "UIInterfaceOrientationPortrait UIInterfaceOrientationPortraitUpsideDown UIInterfaceOrientationLandscapeLeft UIInterfaceOrientationLandscapeRight";
				INFOPLIST_KEY_UISupportedInterfaceOrientations_iPhone = "UIInterfaceOrientationPortrait UIInterfaceOrientationLandscapeLeft UIInterfaceOrientationLandscapeRight";
				LD_RUNPATH_SEARCH_PATHS = (
					"$(inherited)",
					"@executable_path/Frameworks",
				);
				MARKETING_VERSION = 1.0;
				PRODUCT_BUNDLE_IDENTIFIER = com.vikramsingh.PullUp;
				PRODUCT_NAME = "$(TARGET_NAME)";
				SWIFT_EMIT_LOC_STRINGS = YES;
				SWIFT_VERSION = 5.0;
				TARGETED_DEVICE_FAMILY = 1;
			};
			name = Debug;
		};
		1674B73C273647D700C7B466 /* Release */ = {
			isa = XCBuildConfiguration;
			baseConfigurationReference = 984BE25F1ED57855B4315C4E /* Pods-PullUp.release.xcconfig */;
			buildSettings = {
				ASSETCATALOG_COMPILER_APPICON_NAME = AppIcon;
				ASSETCATALOG_COMPILER_GLOBAL_ACCENT_COLOR_NAME = AccentColor;
				CODE_SIGN_STYLE = Automatic;
				CURRENT_PROJECT_VERSION = 1;
				DEVELOPMENT_TEAM = VJUSE27PV3;
				GENERATE_INFOPLIST_FILE = YES;
				INFOPLIST_FILE = PullUp/Info.plist;
				INFOPLIST_KEY_UIApplicationSupportsIndirectInputEvents = YES;
				INFOPLIST_KEY_UILaunchStoryboardName = LaunchScreen;
				INFOPLIST_KEY_UIMainStoryboardFile = Main;
				INFOPLIST_KEY_UISupportedInterfaceOrientations = UIInterfaceOrientationPortrait;
				INFOPLIST_KEY_UISupportedInterfaceOrientations_iPad = "UIInterfaceOrientationPortrait UIInterfaceOrientationPortraitUpsideDown UIInterfaceOrientationLandscapeLeft UIInterfaceOrientationLandscapeRight";
				INFOPLIST_KEY_UISupportedInterfaceOrientations_iPhone = "UIInterfaceOrientationPortrait UIInterfaceOrientationLandscapeLeft UIInterfaceOrientationLandscapeRight";
				LD_RUNPATH_SEARCH_PATHS = (
					"$(inherited)",
					"@executable_path/Frameworks",
				);
				MARKETING_VERSION = 1.0;
				PRODUCT_BUNDLE_IDENTIFIER = com.vikramsingh.PullUp;
				PRODUCT_NAME = "$(TARGET_NAME)";
				SWIFT_EMIT_LOC_STRINGS = YES;
				SWIFT_VERSION = 5.0;
				TARGETED_DEVICE_FAMILY = 1;
			};
			name = Release;
		};
		1674B73E273647D700C7B466 /* Debug */ = {
			isa = XCBuildConfiguration;
			buildSettings = {
				ALWAYS_EMBED_SWIFT_STANDARD_LIBRARIES = YES;
				BUNDLE_LOADER = "$(TEST_HOST)";
				CODE_SIGN_STYLE = Automatic;
				CURRENT_PROJECT_VERSION = 1;
				DEVELOPMENT_TEAM = VJUSE27PV3;
				GENERATE_INFOPLIST_FILE = YES;
				IPHONEOS_DEPLOYMENT_TARGET = 15.0;
				LD_RUNPATH_SEARCH_PATHS = (
					"$(inherited)",
					"@executable_path/Frameworks",
					"@loader_path/Frameworks",
				);
				MARKETING_VERSION = 1.0;
				PRODUCT_BUNDLE_IDENTIFIER = com.vikramsingh.PullUpTests;
				PRODUCT_NAME = "$(TARGET_NAME)";
				SWIFT_EMIT_LOC_STRINGS = NO;
				SWIFT_VERSION = 5.0;
				TARGETED_DEVICE_FAMILY = "1,2";
				TEST_HOST = "$(BUILT_PRODUCTS_DIR)/PullUp.app/PullUp";
			};
			name = Debug;
		};
		1674B73F273647D700C7B466 /* Release */ = {
			isa = XCBuildConfiguration;
			buildSettings = {
				ALWAYS_EMBED_SWIFT_STANDARD_LIBRARIES = YES;
				BUNDLE_LOADER = "$(TEST_HOST)";
				CODE_SIGN_STYLE = Automatic;
				CURRENT_PROJECT_VERSION = 1;
				DEVELOPMENT_TEAM = VJUSE27PV3;
				GENERATE_INFOPLIST_FILE = YES;
				IPHONEOS_DEPLOYMENT_TARGET = 15.0;
				LD_RUNPATH_SEARCH_PATHS = (
					"$(inherited)",
					"@executable_path/Frameworks",
					"@loader_path/Frameworks",
				);
				MARKETING_VERSION = 1.0;
				PRODUCT_BUNDLE_IDENTIFIER = com.vikramsingh.PullUpTests;
				PRODUCT_NAME = "$(TARGET_NAME)";
				SWIFT_EMIT_LOC_STRINGS = NO;
				SWIFT_VERSION = 5.0;
				TARGETED_DEVICE_FAMILY = "1,2";
				TEST_HOST = "$(BUILT_PRODUCTS_DIR)/PullUp.app/PullUp";
			};
			name = Release;
		};
		1674B741273647D700C7B466 /* Debug */ = {
			isa = XCBuildConfiguration;
			buildSettings = {
				ALWAYS_EMBED_SWIFT_STANDARD_LIBRARIES = YES;
				CODE_SIGN_STYLE = Automatic;
				CURRENT_PROJECT_VERSION = 1;
				DEVELOPMENT_TEAM = VJUSE27PV3;
				GENERATE_INFOPLIST_FILE = YES;
				LD_RUNPATH_SEARCH_PATHS = (
					"$(inherited)",
					"@executable_path/Frameworks",
					"@loader_path/Frameworks",
				);
				MARKETING_VERSION = 1.0;
				PRODUCT_BUNDLE_IDENTIFIER = com.vikramsingh.PullUpUITests;
				PRODUCT_NAME = "$(TARGET_NAME)";
				SWIFT_EMIT_LOC_STRINGS = NO;
				SWIFT_VERSION = 5.0;
				TARGETED_DEVICE_FAMILY = "1,2";
				TEST_TARGET_NAME = PullUp;
			};
			name = Debug;
		};
		1674B742273647D700C7B466 /* Release */ = {
			isa = XCBuildConfiguration;
			buildSettings = {
				ALWAYS_EMBED_SWIFT_STANDARD_LIBRARIES = YES;
				CODE_SIGN_STYLE = Automatic;
				CURRENT_PROJECT_VERSION = 1;
				DEVELOPMENT_TEAM = VJUSE27PV3;
				GENERATE_INFOPLIST_FILE = YES;
				LD_RUNPATH_SEARCH_PATHS = (
					"$(inherited)",
					"@executable_path/Frameworks",
					"@loader_path/Frameworks",
				);
				MARKETING_VERSION = 1.0;
				PRODUCT_BUNDLE_IDENTIFIER = com.vikramsingh.PullUpUITests;
				PRODUCT_NAME = "$(TARGET_NAME)";
				SWIFT_EMIT_LOC_STRINGS = NO;
				SWIFT_VERSION = 5.0;
				TARGETED_DEVICE_FAMILY = "1,2";
				TEST_TARGET_NAME = PullUp;
			};
			name = Release;
		};
/* End XCBuildConfiguration section */

/* Begin XCConfigurationList section */
		1674B70B273647D400C7B466 /* Build configuration list for PBXProject "PullUp" */ = {
			isa = XCConfigurationList;
			buildConfigurations = (
				1674B738273647D700C7B466 /* Debug */,
				1674B739273647D700C7B466 /* Release */,
			);
			defaultConfigurationIsVisible = 0;
			defaultConfigurationName = Release;
		};
		1674B73A273647D700C7B466 /* Build configuration list for PBXNativeTarget "PullUp" */ = {
			isa = XCConfigurationList;
			buildConfigurations = (
				1674B73B273647D700C7B466 /* Debug */,
				1674B73C273647D700C7B466 /* Release */,
			);
			defaultConfigurationIsVisible = 0;
			defaultConfigurationName = Release;
		};
		1674B73D273647D700C7B466 /* Build configuration list for PBXNativeTarget "PullUpTests" */ = {
			isa = XCConfigurationList;
			buildConfigurations = (
				1674B73E273647D700C7B466 /* Debug */,
				1674B73F273647D700C7B466 /* Release */,
			);
			defaultConfigurationIsVisible = 0;
			defaultConfigurationName = Release;
		};
		1674B740273647D700C7B466 /* Build configuration list for PBXNativeTarget "PullUpUITests" */ = {
			isa = XCConfigurationList;
			buildConfigurations = (
				1674B741273647D700C7B466 /* Debug */,
				1674B742273647D700C7B466 /* Release */,
			);
			defaultConfigurationIsVisible = 0;
			defaultConfigurationName = Release;
		};
/* End XCConfigurationList section */
	};
	rootObject = 1674B708273647D400C7B466 /* Project object */;
}
