// !$*UTF8*$!
{
	archiveVersion = 1;
	classes = {
	};
	objectVersion = 54;
	objects = {

/* Begin PBXBuildFile section */
		16104892278BCEAF006B23BF /* AddCourseController.swift in Sources */ = {isa = PBXBuildFile; fileRef = 16104891278BCEAF006B23BF /* AddCourseController.swift */; };
		16104895278D1E1B006B23BF /* UIColorExt.swift in Sources */ = {isa = PBXBuildFile; fileRef = 16104894278D1E1B006B23BF /* UIColorExt.swift */; };
		162D367A2789690C004F9746 /* SettingsController.swift in Sources */ = {isa = PBXBuildFile; fileRef = 162D36792789690C004F9746 /* SettingsController.swift */; };
		1641537B278150410005241E /* ChatViewController1.swift in Sources */ = {isa = PBXBuildFile; fileRef = 1641537A278150410005241E /* ChatViewController1.swift */; };
		1657B1BD277D49C900CECBA7 /* SignUpController.swift in Sources */ = {isa = PBXBuildFile; fileRef = 1657B1BC277D49C900CECBA7 /* SignUpController.swift */; };
		1657B1C0277FE74C00CECBA7 /* ProfileController.swift in Sources */ = {isa = PBXBuildFile; fileRef = 1657B1BF277FE74B00CECBA7 /* ProfileController.swift */; };
		165EF16C280A5B6F004CA926 /* UserTableViewCell.swift in Sources */ = {isa = PBXBuildFile; fileRef = 165EF16A280A5B6F004CA926 /* UserTableViewCell.swift */; };
		165EF16D280A5B6F004CA926 /* UserTableViewCell.xib in Resources */ = {isa = PBXBuildFile; fileRef = 165EF16B280A5B6F004CA926 /* UserTableViewCell.xib */; };
		165EF16F280A5ED0004CA926 /* SearchUserTableViewController.swift in Sources */ = {isa = PBXBuildFile; fileRef = 165EF16E280A5ED0004CA926 /* SearchUserTableViewController.swift */; };
		165EF172280B98B7004CA926 /* Extensions.swift in Sources */ = {isa = PBXBuildFile; fileRef = 165EF171280B98B7004CA926 /* Extensions.swift */; };
		165EF175280C196E004CA926 /* StartViewController.swift in Sources */ = {isa = PBXBuildFile; fileRef = 165EF174280C196E004CA926 /* StartViewController.swift */; };
		165EF177280C1979004CA926 /* LogInController.swift in Sources */ = {isa = PBXBuildFile; fileRef = 165EF176280C1979004CA926 /* LogInController.swift */; };
		165EF179280CE6CD004CA926 /* SignUpController1.swift in Sources */ = {isa = PBXBuildFile; fileRef = 165EF178280CE6CD004CA926 /* SignUpController1.swift */; };
		165EF17B280D2672004CA926 /* DummyData.swift in Sources */ = {isa = PBXBuildFile; fileRef = 165EF17A280D2672004CA926 /* DummyData.swift */; };
		1674B714273647D400C7B466 /* AppDelegate.swift in Sources */ = {isa = PBXBuildFile; fileRef = 1674B713273647D400C7B466 /* AppDelegate.swift */; };
		1674B716273647D400C7B466 /* SceneDelegate.swift in Sources */ = {isa = PBXBuildFile; fileRef = 1674B715273647D400C7B466 /* SceneDelegate.swift */; };
		1674B71D273647D600C7B466 /* Assets.xcassets in Resources */ = {isa = PBXBuildFile; fileRef = 1674B71C273647D600C7B466 /* Assets.xcassets */; };
		1674B720273647D600C7B466 /* LaunchScreen.storyboard in Resources */ = {isa = PBXBuildFile; fileRef = 1674B71E273647D600C7B466 /* LaunchScreen.storyboard */; };
		1674B74527364A1C00C7B466 /* Location.swift in Sources */ = {isa = PBXBuildFile; fileRef = 1674B74427364A1C00C7B466 /* Location.swift */; };
		1674B74827364B1100C7B466 /* MapController.swift in Sources */ = {isa = PBXBuildFile; fileRef = 1674B74727364B1000C7B466 /* MapController.swift */; };
		1674B74A2736600F00C7B466 /* SelectCourseController.swift in Sources */ = {isa = PBXBuildFile; fileRef = 1674B7492736600F00C7B466 /* SelectCourseController.swift */; };
		1677BC762810C9C1000CFBBC /* RequestsTableViewCell.swift in Sources */ = {isa = PBXBuildFile; fileRef = 1677BC742810C9C1000CFBBC /* RequestsTableViewCell.swift */; };
		1677BC772810C9C1000CFBBC /* RequestsTableViewCell.xib in Resources */ = {isa = PBXBuildFile; fileRef = 1677BC752810C9C1000CFBBC /* RequestsTableViewCell.xib */; };
		1677BC792810CD26000CFBBC /* FriendRequestsTableViewController.swift in Sources */ = {isa = PBXBuildFile; fileRef = 1677BC782810CD26000CFBBC /* FriendRequestsTableViewController.swift */; };
		1677BC7C2810CD6D000CFBBC /* FriendRequestTableViewCell.swift in Sources */ = {isa = PBXBuildFile; fileRef = 1677BC7A2810CD6D000CFBBC /* FriendRequestTableViewCell.swift */; };
		1677BC7D2810CD6D000CFBBC /* FriendRequestTableViewCell.xib in Resources */ = {isa = PBXBuildFile; fileRef = 1677BC7B2810CD6D000CFBBC /* FriendRequestTableViewCell.xib */; };
		16DCAE862736671C008A930A /* Main.storyboard in Resources */ = {isa = PBXBuildFile; fileRef = 16DCAE852736671C008A930A /* Main.storyboard */; };
		16DCAE88273675D0008A930A /* Course.swift in Sources */ = {isa = PBXBuildFile; fileRef = 16DCAE87273675D0008A930A /* Course.swift */; };
		16DCAE8A273676D4008A930A /* K.swift in Sources */ = {isa = PBXBuildFile; fileRef = 16DCAE89273676D4008A930A /* K.swift */; };
		16DCAE8C27367E7C008A930A /* User.swift in Sources */ = {isa = PBXBuildFile; fileRef = 16DCAE8B27367E7C008A930A /* User.swift */; };
		16DCAE8E27368875008A930A /* GoogleService-Info.plist in Resources */ = {isa = PBXBuildFile; fileRef = 16DCAE8D27368875008A930A /* GoogleService-Info.plist */; };
		16DCAE9027373387008A930A /* StudySessionController.swift in Sources */ = {isa = PBXBuildFile; fileRef = 16DCAE8F27373387008A930A /* StudySessionController.swift */; };
		16DCAE9227373C27008A930A /* AddSessionController.swift in Sources */ = {isa = PBXBuildFile; fileRef = 16DCAE9127373C27008A930A /* AddSessionController.swift */; };
		16DCAE962737BCFF008A930A /* SessionTableViewCell.swift in Sources */ = {isa = PBXBuildFile; fileRef = 16DCAE942737BCFF008A930A /* SessionTableViewCell.swift */; };
		16DCAE972737BCFF008A930A /* SessionTableViewCell.xib in Resources */ = {isa = PBXBuildFile; fileRef = 16DCAE952737BCFF008A930A /* SessionTableViewCell.xib */; };
		16DCAE9A2737EFD8008A930A /* CourseTableViewCell.swift in Sources */ = {isa = PBXBuildFile; fileRef = 16DCAE982737EFD8008A930A /* CourseTableViewCell.swift */; };
		16DCAE9B2737EFD8008A930A /* CourseTableViewCell.xib in Resources */ = {isa = PBXBuildFile; fileRef = 16DCAE992737EFD8008A930A /* CourseTableViewCell.xib */; };
		F1E1F3B6B9FE3E75722A4D69 /* Pods_PullUp.framework in Frameworks */ = {isa = PBXBuildFile; fileRef = 423FD6306300460A3C8A45B2 /* Pods_PullUp.framework */; };
/* End PBXBuildFile section */

/* Begin PBXFileReference section */
		16104891278BCEAF006B23BF /* AddCourseController.swift */ = {isa = PBXFileReference; lastKnownFileType = sourcecode.swift; path = AddCourseController.swift; sourceTree = "<group>"; };
		16104894278D1E1B006B23BF /* UIColorExt.swift */ = {isa = PBXFileReference; lastKnownFileType = sourcecode.swift; path = UIColorExt.swift; sourceTree = "<group>"; };
		162D36792789690C004F9746 /* SettingsController.swift */ = {isa = PBXFileReference; lastKnownFileType = sourcecode.swift; path = SettingsController.swift; sourceTree = "<group>"; };
		1641537A278150410005241E /* ChatViewController1.swift */ = {isa = PBXFileReference; lastKnownFileType = sourcecode.swift; path = ChatViewController1.swift; sourceTree = "<group>"; };
		1657B1BC277D49C900CECBA7 /* SignUpController.swift */ = {isa = PBXFileReference; lastKnownFileType = sourcecode.swift; path = SignUpController.swift; sourceTree = "<group>"; };
		1657B1BE277FE30800CECBA7 /* PullUp.entitlements */ = {isa = PBXFileReference; lastKnownFileType = text.plist.entitlements; path = PullUp.entitlements; sourceTree = "<group>"; };
		1657B1BF277FE74B00CECBA7 /* ProfileController.swift */ = {isa = PBXFileReference; lastKnownFileType = sourcecode.swift; path = ProfileController.swift; sourceTree = "<group>"; };
		165EF16A280A5B6F004CA926 /* UserTableViewCell.swift */ = {isa = PBXFileReference; lastKnownFileType = sourcecode.swift; path = UserTableViewCell.swift; sourceTree = "<group>"; };
		165EF16B280A5B6F004CA926 /* UserTableViewCell.xib */ = {isa = PBXFileReference; lastKnownFileType = file.xib; path = UserTableViewCell.xib; sourceTree = "<group>"; };
		165EF16E280A5ED0004CA926 /* SearchUserTableViewController.swift */ = {isa = PBXFileReference; lastKnownFileType = sourcecode.swift; path = SearchUserTableViewController.swift; sourceTree = "<group>"; };
		165EF171280B98B7004CA926 /* Extensions.swift */ = {isa = PBXFileReference; lastKnownFileType = sourcecode.swift; path = Extensions.swift; sourceTree = "<group>"; };
		165EF174280C196E004CA926 /* StartViewController.swift */ = {isa = PBXFileReference; lastKnownFileType = sourcecode.swift; path = StartViewController.swift; sourceTree = "<group>"; };
		165EF176280C1979004CA926 /* LogInController.swift */ = {isa = PBXFileReference; lastKnownFileType = sourcecode.swift; path = LogInController.swift; sourceTree = "<group>"; };
		165EF178280CE6CD004CA926 /* SignUpController1.swift */ = {isa = PBXFileReference; lastKnownFileType = sourcecode.swift; path = SignUpController1.swift; sourceTree = "<group>"; };
		165EF17A280D2672004CA926 /* DummyData.swift */ = {isa = PBXFileReference; lastKnownFileType = sourcecode.swift; path = DummyData.swift; sourceTree = "<group>"; };
		1674B710273647D400C7B466 /* PullUp.app */ = {isa = PBXFileReference; explicitFileType = wrapper.application; includeInIndex = 0; path = PullUp.app; sourceTree = BUILT_PRODUCTS_DIR; };
		1674B713273647D400C7B466 /* AppDelegate.swift */ = {isa = PBXFileReference; lastKnownFileType = sourcecode.swift; path = AppDelegate.swift; sourceTree = "<group>"; };
		1674B715273647D400C7B466 /* SceneDelegate.swift */ = {isa = PBXFileReference; lastKnownFileType = sourcecode.swift; path = SceneDelegate.swift; sourceTree = "<group>"; };
		1674B71C273647D600C7B466 /* Assets.xcassets */ = {isa = PBXFileReference; lastKnownFileType = folder.assetcatalog; path = Assets.xcassets; sourceTree = "<group>"; };
		1674B71F273647D600C7B466 /* Base */ = {isa = PBXFileReference; lastKnownFileType = file.storyboard; name = Base; path = Base.lproj/LaunchScreen.storyboard; sourceTree = "<group>"; };
		1674B721273647D600C7B466 /* Info.plist */ = {isa = PBXFileReference; lastKnownFileType = text.plist.xml; path = Info.plist; sourceTree = "<group>"; };
		1674B72A273647D700C7B466 /* PullUpTests.swift */ = {isa = PBXFileReference; lastKnownFileType = sourcecode.swift; path = PullUpTests.swift; sourceTree = "<group>"; };
		1674B734273647D700C7B466 /* PullUpUITests.swift */ = {isa = PBXFileReference; lastKnownFileType = sourcecode.swift; path = PullUpUITests.swift; sourceTree = "<group>"; };
		1674B736273647D700C7B466 /* PullUpUITestsLaunchTests.swift */ = {isa = PBXFileReference; lastKnownFileType = sourcecode.swift; path = PullUpUITestsLaunchTests.swift; sourceTree = "<group>"; };
		1674B74427364A1C00C7B466 /* Location.swift */ = {isa = PBXFileReference; lastKnownFileType = sourcecode.swift; path = Location.swift; sourceTree = "<group>"; };
		1674B74727364B1000C7B466 /* MapController.swift */ = {isa = PBXFileReference; lastKnownFileType = sourcecode.swift; path = MapController.swift; sourceTree = "<group>"; usesTabs = 0; };
		1674B7492736600F00C7B466 /* SelectCourseController.swift */ = {isa = PBXFileReference; lastKnownFileType = sourcecode.swift; path = SelectCourseController.swift; sourceTree = "<group>"; };
		1677BC742810C9C1000CFBBC /* RequestsTableViewCell.swift */ = {isa = PBXFileReference; lastKnownFileType = sourcecode.swift; path = RequestsTableViewCell.swift; sourceTree = "<group>"; };
		1677BC752810C9C1000CFBBC /* RequestsTableViewCell.xib */ = {isa = PBXFileReference; lastKnownFileType = file.xib; path = RequestsTableViewCell.xib; sourceTree = "<group>"; };
		1677BC782810CD26000CFBBC /* FriendRequestsTableViewController.swift */ = {isa = PBXFileReference; lastKnownFileType = sourcecode.swift; path = FriendRequestsTableViewController.swift; sourceTree = "<group>"; };
		1677BC7A2810CD6D000CFBBC /* FriendRequestTableViewCell.swift */ = {isa = PBXFileReference; lastKnownFileType = sourcecode.swift; path = FriendRequestTableViewCell.swift; sourceTree = "<group>"; };
		1677BC7B2810CD6D000CFBBC /* FriendRequestTableViewCell.xib */ = {isa = PBXFileReference; lastKnownFileType = file.xib; path = FriendRequestTableViewCell.xib; sourceTree = "<group>"; };
		16DCAE852736671C008A930A /* Main.storyboard */ = {isa = PBXFileReference; fileEncoding = 4; lastKnownFileType = file.storyboard; path = Main.storyboard; sourceTree = "<group>"; };
		16DCAE87273675D0008A930A /* Course.swift */ = {isa = PBXFileReference; lastKnownFileType = sourcecode.swift; path = Course.swift; sourceTree = "<group>"; };
		16DCAE89273676D4008A930A /* K.swift */ = {isa = PBXFileReference; lastKnownFileType = sourcecode.swift; path = K.swift; sourceTree = "<group>"; };
		16DCAE8B27367E7C008A930A /* User.swift */ = {isa = PBXFileReference; lastKnownFileType = sourcecode.swift; path = User.swift; sourceTree = "<group>"; };
		16DCAE8D27368875008A930A /* GoogleService-Info.plist */ = {isa = PBXFileReference; fileEncoding = 4; lastKnownFileType = text.plist.xml; path = "GoogleService-Info.plist"; sourceTree = "<group>"; };
		16DCAE8F27373387008A930A /* StudySessionController.swift */ = {isa = PBXFileReference; lastKnownFileType = sourcecode.swift; path = StudySessionController.swift; sourceTree = "<group>"; };
		16DCAE9127373C27008A930A /* AddSessionController.swift */ = {isa = PBXFileReference; lastKnownFileType = sourcecode.swift; path = AddSessionController.swift; sourceTree = "<group>"; };
		16DCAE942737BCFF008A930A /* SessionTableViewCell.swift */ = {isa = PBXFileReference; lastKnownFileType = sourcecode.swift; path = SessionTableViewCell.swift; sourceTree = "<group>"; };
		16DCAE952737BCFF008A930A /* SessionTableViewCell.xib */ = {isa = PBXFileReference; lastKnownFileType = file.xib; path = SessionTableViewCell.xib; sourceTree = "<group>"; };
		16DCAE982737EFD8008A930A /* CourseTableViewCell.swift */ = {isa = PBXFileReference; lastKnownFileType = sourcecode.swift; path = CourseTableViewCell.swift; sourceTree = "<group>"; };
		16DCAE992737EFD8008A930A /* CourseTableViewCell.xib */ = {isa = PBXFileReference; lastKnownFileType = file.xib; path = CourseTableViewCell.xib; sourceTree = "<group>"; };
		423FD6306300460A3C8A45B2 /* Pods_PullUp.framework */ = {isa = PBXFileReference; explicitFileType = wrapper.framework; includeInIndex = 0; path = Pods_PullUp.framework; sourceTree = BUILT_PRODUCTS_DIR; };
		984BE25F1ED57855B4315C4E /* Pods-PullUp.release.xcconfig */ = {isa = PBXFileReference; includeInIndex = 1; lastKnownFileType = text.xcconfig; name = "Pods-PullUp.release.xcconfig"; path = "Target Support Files/Pods-PullUp/Pods-PullUp.release.xcconfig"; sourceTree = "<group>"; };
		BD81A16D716E7481BA02AD94 /* Pods-PullUp.debug.xcconfig */ = {isa = PBXFileReference; includeInIndex = 1; lastKnownFileType = text.xcconfig; name = "Pods-PullUp.debug.xcconfig"; path = "Target Support Files/Pods-PullUp/Pods-PullUp.debug.xcconfig"; sourceTree = "<group>"; };
/* End PBXFileReference section */

/* Begin PBXFrameworksBuildPhase section */
		1674B70D273647D400C7B466 /* Frameworks */ = {
			isa = PBXFrameworksBuildPhase;
			buildActionMask = 2147483647;
			files = (
				F1E1F3B6B9FE3E75722A4D69 /* Pods_PullUp.framework in Frameworks */,
			);
			runOnlyForDeploymentPostprocessing = 0;
		};
/* End PBXFrameworksBuildPhase section */

/* Begin PBXGroup section */
		16104893278D1E0D006B23BF /* Extensions */ = {
			isa = PBXGroup;
			children = (
				16104894278D1E1B006B23BF /* UIColorExt.swift */,
			);
			path = Extensions;
			sourceTree = "<group>";
		};
		165EF170280B984D004CA926 /* Form Controllers */ = {
			isa = PBXGroup;
			children = (
				16104891278BCEAF006B23BF /* AddCourseController.swift */,
				16DCAE9127373C27008A930A /* AddSessionController.swift */,
			);
			path = "Form Controllers";
			sourceTree = "<group>";
		};
		165EF173280C1913004CA926 /* Authentication Controllers */ = {
			isa = PBXGroup;
			children = (
				1657B1BC277D49C900CECBA7 /* SignUpController.swift */,
				165EF174280C196E004CA926 /* StartViewController.swift */,
				165EF176280C1979004CA926 /* LogInController.swift */,
				165EF178280CE6CD004CA926 /* SignUpController1.swift */,
			);
			path = "Authentication Controllers";
			sourceTree = "<group>";
		};
		1674B707273647D400C7B466 = {
			isa = PBXGroup;
			children = (
				16DCAE8D27368875008A930A /* GoogleService-Info.plist */,
				1674B712273647D400C7B466 /* PullUp */,
				1674B729273647D700C7B466 /* PullUpTests */,
				1674B733273647D700C7B466 /* PullUpUITests */,
				1674B711273647D400C7B466 /* Products */,
				4F71D03BEC699881B2FB14E9 /* Pods */,
				FBD153291139944A43455E4C /* Frameworks */,
			);
			sourceTree = "<group>";
		};
		1674B711273647D400C7B466 /* Products */ = {
			isa = PBXGroup;
			children = (
				1674B710273647D400C7B466 /* PullUp.app */,
			);
			name = Products;
			sourceTree = "<group>";
		};
		1674B712273647D400C7B466 /* PullUp */ = {
			isa = PBXGroup;
			children = (
				16104893278D1E0D006B23BF /* Extensions */,
				1657B1BE277FE30800CECBA7 /* PullUp.entitlements */,
				16DCAE932737BCE4008A930A /* Views */,
				1674B74627364B0200C7B466 /* Controllers */,
				1674B74327364A0800C7B466 /* Models */,
				1674B713273647D400C7B466 /* AppDelegate.swift */,
				1674B715273647D400C7B466 /* SceneDelegate.swift */,
				1674B71C273647D600C7B466 /* Assets.xcassets */,
				1674B721273647D600C7B466 /* Info.plist */,
				16DCAE89273676D4008A930A /* K.swift */,
				165EF17A280D2672004CA926 /* DummyData.swift */,
			);
			path = PullUp;
			sourceTree = "<group>";
		};
		1674B729273647D700C7B466 /* PullUpTests */ = {
			isa = PBXGroup;
			children = (
				1674B72A273647D700C7B466 /* PullUpTests.swift */,
			);
			path = PullUpTests;
			sourceTree = "<group>";
		};
		1674B733273647D700C7B466 /* PullUpUITests */ = {
			isa = PBXGroup;
			children = (
				1674B734273647D700C7B466 /* PullUpUITests.swift */,
				1674B736273647D700C7B466 /* PullUpUITestsLaunchTests.swift */,
			);
			path = PullUpUITests;
			sourceTree = "<group>";
		};
		1674B74327364A0800C7B466 /* Models */ = {
			isa = PBXGroup;
			children = (
				1674B74427364A1C00C7B466 /* Location.swift */,
				16DCAE87273675D0008A930A /* Course.swift */,
				16DCAE8B27367E7C008A930A /* User.swift */,
			);
			path = Models;
			sourceTree = "<group>";
		};
		1674B74627364B0200C7B466 /* Controllers */ = {
			isa = PBXGroup;
			children = (
				1674B74727364B1000C7B466 /* MapController.swift */,
				1674B7492736600F00C7B466 /* SelectCourseController.swift */,
				16DCAE8F27373387008A930A /* StudySessionController.swift */,
				165EF170280B984D004CA926 /* Form Controllers */,
				165EF173280C1913004CA926 /* Authentication Controllers */,
				1657B1BF277FE74B00CECBA7 /* ProfileController.swift */,
				1641537A278150410005241E /* ChatViewController1.swift */,
				162D36792789690C004F9746 /* SettingsController.swift */,
				165EF16E280A5ED0004CA926 /* SearchUserTableViewController.swift */,
				165EF171280B98B7004CA926 /* Extensions.swift */,
				1677BC782810CD26000CFBBC /* FriendRequestsTableViewController.swift */,
			);
			path = Controllers;
			sourceTree = "<group>";
		};
		1677BC732810C9A0000CFBBC /* Custom TableView Cells */ = {
			isa = PBXGroup;
			children = (
				16DCAE942737BCFF008A930A /* SessionTableViewCell.swift */,
				16DCAE952737BCFF008A930A /* SessionTableViewCell.xib */,
				16DCAE982737EFD8008A930A /* CourseTableViewCell.swift */,
				16DCAE992737EFD8008A930A /* CourseTableViewCell.xib */,
				165EF16A280A5B6F004CA926 /* UserTableViewCell.swift */,
				165EF16B280A5B6F004CA926 /* UserTableViewCell.xib */,
				1677BC742810C9C1000CFBBC /* RequestsTableViewCell.swift */,
				1677BC752810C9C1000CFBBC /* RequestsTableViewCell.xib */,
				1677BC7A2810CD6D000CFBBC /* FriendRequestTableViewCell.swift */,
				1677BC7B2810CD6D000CFBBC /* FriendRequestTableViewCell.xib */,
			);
			path = "Custom TableView Cells";
			sourceTree = "<group>";
		};
		16A5FABD2783928C007DEB11 /* Storyboards */ = {
			isa = PBXGroup;
			children = (
				1674B71E273647D600C7B466 /* LaunchScreen.storyboard */,
				16DCAE852736671C008A930A /* Main.storyboard */,
			);
			path = Storyboards;
			sourceTree = "<group>";
		};
		16DCAE932737BCE4008A930A /* Views */ = {
			isa = PBXGroup;
			children = (
				1677BC732810C9A0000CFBBC /* Custom TableView Cells */,
				16A5FABD2783928C007DEB11 /* Storyboards */,
			);
			path = Views;
			sourceTree = "<group>";
		};
		4F71D03BEC699881B2FB14E9 /* Pods */ = {
			isa = PBXGroup;
			children = (
				BD81A16D716E7481BA02AD94 /* Pods-PullUp.debug.xcconfig */,
				984BE25F1ED57855B4315C4E /* Pods-PullUp.release.xcconfig */,
			);
			path = Pods;
			sourceTree = "<group>";
		};
		FBD153291139944A43455E4C /* Frameworks */ = {
			isa = PBXGroup;
			children = (
				423FD6306300460A3C8A45B2 /* Pods_PullUp.framework */,
			);
			name = Frameworks;
			sourceTree = "<group>";
		};
/* End PBXGroup section */

/* Begin PBXNativeTarget section */
		1674B70F273647D400C7B466 /* PullUp */ = {
			isa = PBXNativeTarget;
			buildConfigurationList = 1674B73A273647D700C7B466 /* Build configuration list for PBXNativeTarget "PullUp" */;
			buildPhases = (
				DDF0C75FE36DC8B7AA117F26 /* [CP] Check Pods Manifest.lock */,
				1674B70C273647D400C7B466 /* Sources */,
				1674B70D273647D400C7B466 /* Frameworks */,
				1674B70E273647D400C7B466 /* Resources */,
				599C7055BAE1DB3D2BEE4CF6 /* [CP] Embed Pods Frameworks */,
			);
			buildRules = (
			);
			dependencies = (
			);
			name = PullUp;
			productName = PullUp;
			productReference = 1674B710273647D400C7B466 /* PullUp.app */;
			productType = "com.apple.product-type.application";
		};
/* End PBXNativeTarget section */

/* Begin PBXProject section */
		1674B708273647D400C7B466 /* Project object */ = {
			isa = PBXProject;
			attributes = {
				BuildIndependentTargetsInParallel = 1;
				LastSwiftUpdateCheck = 1310;
				LastUpgradeCheck = 1310;
				TargetAttributes = {
					1674B70F273647D400C7B466 = {
						CreatedOnToolsVersion = 13.1;
					};
				};
			};
			buildConfigurationList = 1674B70B273647D400C7B466 /* Build configuration list for PBXProject "PullUp" */;
			compatibilityVersion = "Xcode 12.0";
			developmentRegion = en;
			hasScannedForEncodings = 0;
			knownRegions = (
				en,
				Base,
			);
			mainGroup = 1674B707273647D400C7B466;
			productRefGroup = 1674B711273647D400C7B466 /* Products */;
			projectDirPath = "";
			projectRoot = "";
			targets = (
				1674B70F273647D400C7B466 /* PullUp */,
			);
		};
/* End PBXProject section */

/* Begin PBXResourcesBuildPhase section */
		1674B70E273647D400C7B466 /* Resources */ = {
			isa = PBXResourcesBuildPhase;
			buildActionMask = 2147483647;
			files = (
				1677BC7D2810CD6D000CFBBC /* FriendRequestTableViewCell.xib in Resources */,
				16DCAE9B2737EFD8008A930A /* CourseTableViewCell.xib in Resources */,
				1677BC772810C9C1000CFBBC /* RequestsTableViewCell.xib in Resources */,
				16DCAE972737BCFF008A930A /* SessionTableViewCell.xib in Resources */,
				165EF16D280A5B6F004CA926 /* UserTableViewCell.xib in Resources */,
				16DCAE862736671C008A930A /* Main.storyboard in Resources */,
				16DCAE8E27368875008A930A /* GoogleService-Info.plist in Resources */,
				1674B720273647D600C7B466 /* LaunchScreen.storyboard in Resources */,
				1674B71D273647D600C7B466 /* Assets.xcassets in Resources */,
			);
			runOnlyForDeploymentPostprocessing = 0;
		};
/* End PBXResourcesBuildPhase section */

/* Begin PBXShellScriptBuildPhase section */
		599C7055BAE1DB3D2BEE4CF6 /* [CP] Embed Pods Frameworks */ = {
			isa = PBXShellScriptBuildPhase;
			buildActionMask = 2147483647;
			files = (
			);
			inputFileListPaths = (
				"${PODS_ROOT}/Target Support Files/Pods-PullUp/Pods-PullUp-frameworks-${CONFIGURATION}-input-files.xcfilelist",
			);
			name = "[CP] Embed Pods Frameworks";
			outputFileListPaths = (
				"${PODS_ROOT}/Target Support Files/Pods-PullUp/Pods-PullUp-frameworks-${CONFIGURATION}-output-files.xcfilelist",
			);
			runOnlyForDeploymentPostprocessing = 0;
			shellPath = /bin/sh;
			shellScript = "\"${PODS_ROOT}/Target Support Files/Pods-PullUp/Pods-PullUp-frameworks.sh\"\n";
			showEnvVarsInLog = 0;
		};
		DDF0C75FE36DC8B7AA117F26 /* [CP] Check Pods Manifest.lock */ = {
			isa = PBXShellScriptBuildPhase;
			buildActionMask = 2147483647;
			files = (
			);
			inputFileListPaths = (
			);
			inputPaths = (
				"${PODS_PODFILE_DIR_PATH}/Podfile.lock",
				"${PODS_ROOT}/Manifest.lock",
			);
			name = "[CP] Check Pods Manifest.lock";
			outputFileListPaths = (
			);
			outputPaths = (
				"$(DERIVED_FILE_DIR)/Pods-PullUp-checkManifestLockResult.txt",
			);
			runOnlyForDeploymentPostprocessing = 0;
			shellPath = /bin/sh;
			shellScript = "diff \"${PODS_PODFILE_DIR_PATH}/Podfile.lock\" \"${PODS_ROOT}/Manifest.lock\" > /dev/null\nif [ $? != 0 ] ; then\n    # print error to STDERR\n    echo \"error: The sandbox is not in sync with the Podfile.lock. Run 'pod install' or update your CocoaPods installation.\" >&2\n    exit 1\nfi\n# This output is used by Xcode 'outputs' to avoid re-running this script phase.\necho \"SUCCESS\" > \"${SCRIPT_OUTPUT_FILE_0}\"\n";
			showEnvVarsInLog = 0;
		};
/* End PBXShellScriptBuildPhase section */

/* Begin PBXSourcesBuildPhase section */
		1674B70C273647D400C7B466 /* Sources */ = {
			isa = PBXSourcesBuildPhase;
			buildActionMask = 2147483647;
			files = (
				16DCAE962737BCFF008A930A /* SessionTableViewCell.swift in Sources */,
				16DCAE9027373387008A930A /* StudySessionController.swift in Sources */,
				1674B74A2736600F00C7B466 /* SelectCourseController.swift in Sources */,
				16DCAE88273675D0008A930A /* Course.swift in Sources */,
				165EF16C280A5B6F004CA926 /* UserTableViewCell.swift in Sources */,
				165EF175280C196E004CA926 /* StartViewController.swift in Sources */,
				1657B1C0277FE74C00CECBA7 /* ProfileController.swift in Sources */,
				1674B714273647D400C7B466 /* AppDelegate.swift in Sources */,
				165EF17B280D2672004CA926 /* DummyData.swift in Sources */,
				1674B74527364A1C00C7B466 /* Location.swift in Sources */,
				1677BC792810CD26000CFBBC /* FriendRequestsTableViewController.swift in Sources */,
				16DCAE8C27367E7C008A930A /* User.swift in Sources */,
				162D367A2789690C004F9746 /* SettingsController.swift in Sources */,
				16DCAE8A273676D4008A930A /* K.swift in Sources */,
				1677BC762810C9C1000CFBBC /* RequestsTableViewCell.swift in Sources */,
				1657B1BD277D49C900CECBA7 /* SignUpController.swift in Sources */,
				16DCAE9227373C27008A930A /* AddSessionController.swift in Sources */,
				165EF172280B98B7004CA926 /* Extensions.swift in Sources */,
				1674B74827364B1100C7B466 /* MapController.swift in Sources */,
				165EF16F280A5ED0004CA926 /* SearchUserTableViewController.swift in Sources */,
				16104895278D1E1B006B23BF /* UIColorExt.swift in Sources */,
				16104892278BCEAF006B23BF /* AddCourseController.swift in Sources */,
				1677BC7C2810CD6D000CFBBC /* FriendRequestTableViewCell.swift in Sources */,
				1641537B278150410005241E /* ChatViewController1.swift in Sources */,
				1674B716273647D400C7B466 /* SceneDelegate.swift in Sources */,
				165EF179280CE6CD004CA926 /* SignUpController1.swift in Sources */,
				16DCAE9A2737EFD8008A930A /* CourseTableViewCell.swift in Sources */,
				165EF177280C1979004CA926 /* LogInController.swift in Sources */,
			);
			runOnlyForDeploymentPostprocessing = 0;
		};
/* End PBXSourcesBuildPhase section */

/* Begin PBXVariantGroup section */
		1674B71E273647D600C7B466 /* LaunchScreen.storyboard */ = {
			isa = PBXVariantGroup;
			children = (
				1674B71F273647D600C7B466 /* Base */,
			);
			name = LaunchScreen.storyboard;
			sourceTree = "<group>";
		};
/* End PBXVariantGroup section */

/* Begin XCBuildConfiguration section */
		1674B738273647D700C7B466 /* Debug */ = {
			isa = XCBuildConfiguration;
			buildSettings = {
				ALWAYS_SEARCH_USER_PATHS = NO;
				CLANG_ANALYZER_NONNULL = YES;
				CLANG_ANALYZER_NUMBER_OBJECT_CONVERSION = YES_AGGRESSIVE;
				CLANG_CXX_LANGUAGE_STANDARD = "gnu++17";
				CLANG_CXX_LIBRARY = "libc++";
				CLANG_ENABLE_MODULES = YES;
				CLANG_ENABLE_OBJC_ARC = YES;
				CLANG_ENABLE_OBJC_WEAK = YES;
				CLANG_WARN_BLOCK_CAPTURE_AUTORELEASING = YES;
				CLANG_WARN_BOOL_CONVERSION = YES;
				CLANG_WARN_COMMA = YES;
				CLANG_WARN_CONSTANT_CONVERSION = YES;
				CLANG_WARN_DEPRECATED_OBJC_IMPLEMENTATIONS = YES;
				CLANG_WARN_DIRECT_OBJC_ISA_USAGE = YES_ERROR;
				CLANG_WARN_DOCUMENTATION_COMMENTS = YES;
				CLANG_WARN_EMPTY_BODY = YES;
				CLANG_WARN_ENUM_CONVERSION = YES;
				CLANG_WARN_INFINITE_RECURSION = YES;
				CLANG_WARN_INT_CONVERSION = YES;
				CLANG_WARN_NON_LITERAL_NULL_CONVERSION = YES;
				CLANG_WARN_OBJC_IMPLICIT_RETAIN_SELF = YES;
				CLANG_WARN_OBJC_LITERAL_CONVERSION = YES;
				CLANG_WARN_OBJC_ROOT_CLASS = YES_ERROR;
				CLANG_WARN_QUOTED_INCLUDE_IN_FRAMEWORK_HEADER = YES;
				CLANG_WARN_RANGE_LOOP_ANALYSIS = YES;
				CLANG_WARN_STRICT_PROTOTYPES = YES;
				CLANG_WARN_SUSPICIOUS_MOVE = YES;
				CLANG_WARN_UNGUARDED_AVAILABILITY = YES_AGGRESSIVE;
				CLANG_WARN_UNREACHABLE_CODE = YES;
				CLANG_WARN__DUPLICATE_METHOD_MATCH = YES;
				COPY_PHASE_STRIP = NO;
				DEBUG_INFORMATION_FORMAT = dwarf;
				ENABLE_STRICT_OBJC_MSGSEND = YES;
				ENABLE_TESTABILITY = YES;
				GCC_C_LANGUAGE_STANDARD = gnu11;
				GCC_DYNAMIC_NO_PIC = NO;
				GCC_NO_COMMON_BLOCKS = YES;
				GCC_OPTIMIZATION_LEVEL = 0;
				GCC_PREPROCESSOR_DEFINITIONS = (
					"DEBUG=1",
					"$(inherited)",
				);
				GCC_WARN_64_TO_32_BIT_CONVERSION = YES;
				GCC_WARN_ABOUT_RETURN_TYPE = YES_ERROR;
				GCC_WARN_UNDECLARED_SELECTOR = YES;
				GCC_WARN_UNINITIALIZED_AUTOS = YES_AGGRESSIVE;
				GCC_WARN_UNUSED_FUNCTION = YES;
				GCC_WARN_UNUSED_VARIABLE = YES;
				IPHONEOS_DEPLOYMENT_TARGET = 13.0;
				MTL_ENABLE_DEBUG_INFO = INCLUDE_SOURCE;
				MTL_FAST_MATH = YES;
				ONLY_ACTIVE_ARCH = YES;
				SDKROOT = iphoneos;
				SWIFT_ACTIVE_COMPILATION_CONDITIONS = DEBUG;
				SWIFT_OPTIMIZATION_LEVEL = "-Onone";
			};
			name = Debug;
		};
		1674B739273647D700C7B466 /* Release */ = {
			isa = XCBuildConfiguration;
			buildSettings = {
				ALWAYS_SEARCH_USER_PATHS = NO;
				CLANG_ANALYZER_NONNULL = YES;
				CLANG_ANALYZER_NUMBER_OBJECT_CONVERSION = YES_AGGRESSIVE;
				CLANG_CXX_LANGUAGE_STANDARD = "gnu++17";
				CLANG_CXX_LIBRARY = "libc++";
				CLANG_ENABLE_MODULES = YES;
				CLANG_ENABLE_OBJC_ARC = YES;
				CLANG_ENABLE_OBJC_WEAK = YES;
				CLANG_WARN_BLOCK_CAPTURE_AUTORELEASING = YES;
				CLANG_WARN_BOOL_CONVERSION = YES;
				CLANG_WARN_COMMA = YES;
				CLANG_WARN_CONSTANT_CONVERSION = YES;
				CLANG_WARN_DEPRECATED_OBJC_IMPLEMENTATIONS = YES;
				CLANG_WARN_DIRECT_OBJC_ISA_USAGE = YES_ERROR;
				CLANG_WARN_DOCUMENTATION_COMMENTS = YES;
				CLANG_WARN_EMPTY_BODY = YES;
				CLANG_WARN_ENUM_CONVERSION = YES;
				CLANG_WARN_INFINITE_RECURSION = YES;
				CLANG_WARN_INT_CONVERSION = YES;
				CLANG_WARN_NON_LITERAL_NULL_CONVERSION = YES;
				CLANG_WARN_OBJC_IMPLICIT_RETAIN_SELF = YES;
				CLANG_WARN_OBJC_LITERAL_CONVERSION = YES;
				CLANG_WARN_OBJC_ROOT_CLASS = YES_ERROR;
				CLANG_WARN_QUOTED_INCLUDE_IN_FRAMEWORK_HEADER = YES;
				CLANG_WARN_RANGE_LOOP_ANALYSIS = YES;
				CLANG_WARN_STRICT_PROTOTYPES = YES;
				CLANG_WARN_SUSPICIOUS_MOVE = YES;
				CLANG_WARN_UNGUARDED_AVAILABILITY = YES_AGGRESSIVE;
				CLANG_WARN_UNREACHABLE_CODE = YES;
				CLANG_WARN__DUPLICATE_METHOD_MATCH = YES;
				COPY_PHASE_STRIP = NO;
				DEBUG_INFORMATION_FORMAT = "dwarf-with-dsym";
				ENABLE_NS_ASSERTIONS = NO;
				ENABLE_STRICT_OBJC_MSGSEND = YES;
				GCC_C_LANGUAGE_STANDARD = gnu11;
				GCC_NO_COMMON_BLOCKS = YES;
				GCC_WARN_64_TO_32_BIT_CONVERSION = YES;
				GCC_WARN_ABOUT_RETURN_TYPE = YES_ERROR;
				GCC_WARN_UNDECLARED_SELECTOR = YES;
				GCC_WARN_UNINITIALIZED_AUTOS = YES_AGGRESSIVE;
				GCC_WARN_UNUSED_FUNCTION = YES;
				GCC_WARN_UNUSED_VARIABLE = YES;
				IPHONEOS_DEPLOYMENT_TARGET = 13.0;
				MTL_ENABLE_DEBUG_INFO = NO;
				MTL_FAST_MATH = YES;
				SDKROOT = iphoneos;
				SWIFT_COMPILATION_MODE = wholemodule;
				SWIFT_OPTIMIZATION_LEVEL = "-O";
				VALIDATE_PRODUCT = YES;
			};
			name = Release;
		};
		1674B73B273647D700C7B466 /* Debug */ = {
			isa = XCBuildConfiguration;
			baseConfigurationReference = BD81A16D716E7481BA02AD94 /* Pods-PullUp.debug.xcconfig */;
			buildSettings = {
				ASSETCATALOG_COMPILER_APPICON_NAME = AppIcon;
				ASSETCATALOG_COMPILER_GLOBAL_ACCENT_COLOR_NAME = AccentColor;
				CODE_SIGN_ENTITLEMENTS = PullUp/PullUp.entitlements;
				CODE_SIGN_IDENTITY = "Apple Development";
				CODE_SIGN_STYLE = Automatic;
				CURRENT_PROJECT_VERSION = 1;
				DEVELOPMENT_TEAM = VJUSE27PV3;
				GENERATE_INFOPLIST_FILE = YES;
				INFOPLIST_FILE = PullUp/Info.plist;
				INFOPLIST_KEY_NSLocationWhenInUseUsageDescription = "Help you find and add study groups";
				INFOPLIST_KEY_UIApplicationSupportsIndirectInputEvents = YES;
				INFOPLIST_KEY_UILaunchStoryboardName = LaunchScreen;
				INFOPLIST_KEY_UIMainStoryboardFile = Main;
				INFOPLIST_KEY_UISupportedInterfaceOrientations = UIInterfaceOrientationPortrait;
				INFOPLIST_KEY_UISupportedInterfaceOrientations_iPad = "UIInterfaceOrientationPortrait UIInterfaceOrientationPortraitUpsideDown UIInterfaceOrientationLandscapeLeft UIInterfaceOrientationLandscapeRight";
				INFOPLIST_KEY_UISupportedInterfaceOrientations_iPhone = "UIInterfaceOrientationPortrait UIInterfaceOrientationLandscapeLeft UIInterfaceOrientationLandscapeRight";
				LD_RUNPATH_SEARCH_PATHS = (
					"$(inherited)",
					"@executable_path/Frameworks",
				);
				MARKETING_VERSION = 1.0;
				PRODUCT_BUNDLE_IDENTIFIER = com.vikramsingh.PullUp;
				PRODUCT_NAME = "$(TARGET_NAME)";
				PROVISIONING_PROFILE_SPECIFIER = "";
				SWIFT_EMIT_LOC_STRINGS = YES;
				SWIFT_VERSION = 5.0;
				TARGETED_DEVICE_FAMILY = 1;
			};
			name = Debug;
		};
		1674B73C273647D700C7B466 /* Release */ = {
			isa = XCBuildConfiguration;
			baseConfigurationReference = 984BE25F1ED57855B4315C4E /* Pods-PullUp.release.xcconfig */;
			buildSettings = {
				ASSETCATALOG_COMPILER_APPICON_NAME = AppIcon;
				ASSETCATALOG_COMPILER_GLOBAL_ACCENT_COLOR_NAME = AccentColor;
				CODE_SIGN_ENTITLEMENTS = PullUp/PullUp.entitlements;
				CODE_SIGN_IDENTITY = "Apple Development";
				CODE_SIGN_STYLE = Automatic;
				CURRENT_PROJECT_VERSION = 1;
				DEVELOPMENT_TEAM = VJUSE27PV3;
				GENERATE_INFOPLIST_FILE = YES;
				INFOPLIST_FILE = PullUp/Info.plist;
				INFOPLIST_KEY_NSLocationWhenInUseUsageDescription = "Help you find and add study groups";
				INFOPLIST_KEY_UIApplicationSupportsIndirectInputEvents = YES;
				INFOPLIST_KEY_UILaunchStoryboardName = LaunchScreen;
				INFOPLIST_KEY_UIMainStoryboardFile = Main;
				INFOPLIST_KEY_UISupportedInterfaceOrientations = UIInterfaceOrientationPortrait;
				INFOPLIST_KEY_UISupportedInterfaceOrientations_iPad = "UIInterfaceOrientationPortrait UIInterfaceOrientationPortraitUpsideDown UIInterfaceOrientationLandscapeLeft UIInterfaceOrientationLandscapeRight";
				INFOPLIST_KEY_UISupportedInterfaceOrientations_iPhone = "UIInterfaceOrientationPortrait UIInterfaceOrientationLandscapeLeft UIInterfaceOrientationLandscapeRight";
				LD_RUNPATH_SEARCH_PATHS = (
					"$(inherited)",
					"@executable_path/Frameworks",
				);
				MARKETING_VERSION = 1.0;
				PRODUCT_BUNDLE_IDENTIFIER = com.vikramsingh.PullUp;
				PRODUCT_NAME = "$(TARGET_NAME)";
				PROVISIONING_PROFILE_SPECIFIER = "";
				SWIFT_EMIT_LOC_STRINGS = YES;
				SWIFT_VERSION = 5.0;
				TARGETED_DEVICE_FAMILY = 1;
			};
			name = Release;
		};
/* End XCBuildConfiguration section */

/* Begin XCConfigurationList section */
		1674B70B273647D400C7B466 /* Build configuration list for PBXProject "PullUp" */ = {
			isa = XCConfigurationList;
			buildConfigurations = (
				1674B738273647D700C7B466 /* Debug */,
				1674B739273647D700C7B466 /* Release */,
			);
			defaultConfigurationIsVisible = 0;
			defaultConfigurationName = Release;
		};
		1674B73A273647D700C7B466 /* Build configuration list for PBXNativeTarget "PullUp" */ = {
			isa = XCConfigurationList;
			buildConfigurations = (
				1674B73B273647D700C7B466 /* Debug */,
				1674B73C273647D700C7B466 /* Release */,
			);
			defaultConfigurationIsVisible = 0;
			defaultConfigurationName = Release;
		};
/* End XCConfigurationList section */
	};
	rootObject = 1674B708273647D400C7B466 /* Project object */;
}
